
Microsoft Visual Studio Solution File, Format Version 11.00
# Visual Studio 2010
Project("{00D1A9C2-B5F0-4AF3-8072-F6C62B433612}") = "EhlersDM", "EhlersDM\EhlersDM.sqlproj", "{B84486E7-3532-4849-8787-FCD097B4B52D}"
EndProject
Global
	GlobalSection(SolutionConfigurationPlatforms) = preSolution
		Debug|Any CPU = Debug|Any CPU
		Publish|Any CPU = Publish|Any CPU
		Release|Any CPU = Release|Any CPU
	EndGlobalSection
	GlobalSection(ProjectConfigurationPlatforms) = postSolution
		{B84486E7-3532-4849-8787-FCD097B4B52D}.Debug|Any CPU.ActiveCfg = Debug|Any CPU
		{B84486E7-3532-4849-8787-FCD097B4B52D}.Debug|Any CPU.Build.0 = Debug|Any CPU
		{B84486E7-3532-4849-8787-FCD097B4B52D}.Debug|Any CPU.Deploy.0 = Debug|Any CPU
		{B84486E7-3532-4849-8787-FCD097B4B52D}.Publish|Any CPU.ActiveCfg = Publish|Any CPU
		{B84486E7-3532-4849-8787-FCD097B4B52D}.Publish|Any CPU.Build.0 = Publish|Any CPU
		{B84486E7-3532-4849-8787-FCD097B4B52D}.Publish|Any CPU.Deploy.0 = Publish|Any CPU
		{B84486E7-3532-4849-8787-FCD097B4B52D}.Release|Any CPU.ActiveCfg = Release|Any CPU
		{B84486E7-3532-4849-8787-FCD097B4B52D}.Release|Any CPU.Build.0 = Release|Any CPU
		{B84486E7-3532-4849-8787-FCD097B4B52D}.Release|Any CPU.Deploy.0 = Release|Any CPU
	EndGlobalSection
	GlobalSection(SolutionProperties) = preSolution
		HideSolutionNode = FALSE
	EndGlobalSection
	GlobalSection(ExtensibilityGlobals) = postSolution
		VisualSVNWorkingCopyRoot = .
	EndGlobalSection
EndGlobal
